{
  "name": "book-reviser",
  "version": "1.0.0",
  "lockfileVersion": 1,
  "requires": true,
  "dependencies": {
    "async": {
      "version": "0.1.22",
      "resolved": "https://registry.npmjs.org/async/-/async-0.1.22.tgz",
      "integrity": "sha1-D8GqoIig4+8Ovi2IMbqw3PiEUGE="
    },
    "debug": {
      "version": "3.2.7",
      "resolved": "https://registry.npmjs.org/debug/-/debug-3.2.7.tgz",
      "integrity": "sha512-CFjzYYAi4ThfiQvizrFQevTTXHtnCqWfe7x1AhgEscTz6ZbLbfoLRLPugTQyBth6f8ZERVUSyWHFD/7Wu4t1XQ==",
      "requires": {
        "ms": "^2.1.1"
      }
    },
    "eyespect": {
      "version": "0.1.10",
      "resolved": "https://registry.npmjs.org/eyespect/-/eyespect-0.1.10.tgz",
      "integrity": "sha1-ma6EajAvzK95Dj7LRPR7XzsXaqA="
    },
    "forEachAsync": {
      "version": "2.2.1",
      "resolved": "https://registry.npmjs.org/forEachAsync/-/forEachAsync-2.2.1.tgz",
      "integrity": "sha1-43I/AJA5EOHrSx2zrVG1xkoxn+w=",
      "requires": {
        "sequence": "2.x"
      }
    },
    "graceful-fs": {
      "version": "1.1.14",
      "resolved": "https://registry.npmjs.org/graceful-fs/-/graceful-fs-1.1.14.tgz",
      "integrity": "sha1-BweNtfY3f2Mh/Oqu30l94STclGU=",
      "optional": true
    },
    "ms": {
      "version": "2.1.2",
      "resolved": "https://registry.npmjs.org/ms/-/ms-2.1.2.tgz",
      "integrity": "sha512-sGkPx+VjMtmA6MX27oA4FBFELFCZZ4S4XqeGOXCv68tT+jb3vk/RyaKWP0PTKyWtmLSM0b+adUTEvbs1PEaH2w=="
    },
    "node-ensure": {
      "version": "0.0.0",
      "resolved": "https://registry.npmjs.org/node-ensure/-/node-ensure-0.0.0.tgz",
      "integrity": "sha1-7K52QVDemYYexcgQ/V0Jaxg5Mqc="
    },
    "os-tmpdir": {
      "version": "1.0.2",
      "resolved": "https://registry.npmjs.org/os-tmpdir/-/os-tmpdir-1.0.2.tgz",
      "integrity": "sha1-u+Z0BseaqFxc/sdm/lc0VV36EnQ="
    },
    "pathhash": {
      "version": "1.0.0",
      "resolved": "https://registry.npmjs.org/pathhash/-/pathhash-1.0.0.tgz",
      "integrity": "sha1-904ZwRtXJNLOOQa/G8lnIJ7Ytyc="
    },
    "pdf-extract": {
      "version": "1.0.11",
      "resolved": "https://registry.npmjs.org/pdf-extract/-/pdf-extract-1.0.11.tgz",
      "integrity": "sha1-p2F6mkC6h+ulaRPO5bja3+wtSIE=",
      "requires": {
        "async": "~0.1.22",
        "eyespect": "~0.1.8",
        "pathhash": "~1.0.0",
        "rimraf": "~2.0.2",
        "temp": "~0.8.3",
        "walk": "~2.2.1"
      }
    },
    "pdf-parse": {
      "version": "1.1.1",
      "resolved": "https://registry.npmjs.org/pdf-parse/-/pdf-parse-1.1.1.tgz",
      "integrity": "sha512-v6ZJ/efsBpGrGGknjtq9J/oC8tZWq0KWL5vQrk2GlzLEQPUDB1ex+13Rmidl1neNN358Jn9EHZw5y07FFtaC7A==",
      "requires": {
        "debug": "^3.1.0",
        "node-ensure": "^0.0.0"
      }
    },
    "pdf2json": {
      "version": "1.1.8",
      "resolved": "https://registry.npmjs.org/pdf2json/-/pdf2json-1.1.8.tgz",
      "integrity": "sha512-ka7l/w+4FM5vdI8X9UihxqdTispanZ72ZKsFdghwpBaHcIhXeWCO0qs81P9modFZHf7s4znf0sxc5k6wk6L4Og==",
      "requires": {
        "async": "^2.0.1",
        "lodash": "^4.15.0",
        "optimist": "^0.6.1",
        "xmldom": "^0.1.22"
      },
      "dependencies": {
        "async": {
          "version": "2.0.1",
          "bundled": true,
          "requires": {
            "lodash": "^4.8.0"
          }
        },
        "lodash": {
          "version": "4.15.0",
          "bundled": true
        },
        "minimist": {
          "version": "0.0.10",
          "bundled": true
        },
        "optimist": {
          "version": "0.6.1",
          "bundled": true,
          "requires": {
            "minimist": "~0.0.1",
            "wordwrap": "~0.0.2"
          }
        },
        "wordwrap": {
          "version": "0.0.3",
          "bundled": true
        },
        "xmldom": {
          "version": "0.1.22",
          "bundled": true
        }
      }
    },
    "rimraf": {
      "version": "2.0.3",
      "resolved": "https://registry.npmjs.org/rimraf/-/rimraf-2.0.3.tgz",
      "integrity": "sha1-9QopZecUTpr9mYmC8V33BnMPVqk=",
      "requires": {
        "graceful-fs": "~1.1"
      }
    },
    "sequence": {
      "version": "2.2.1",
      "resolved": "https://registry.npmjs.org/sequence/-/sequence-2.2.1.tgz",
      "integrity": "sha1-f1YXiV1ENRwKBH52RGdpBJChawM="
    },
    "temp": {
      "version": "0.8.3",
      "resolved": "https://registry.npmjs.org/temp/-/temp-0.8.3.tgz",
      "integrity": "sha1-4Ma8TSa5AxJEEOT+2BEDAU38H1k=",
      "requires": {
        "os-tmpdir": "^1.0.0",
        "rimraf": "~2.2.6"
      },
      "dependencies": {
        "rimraf": {
          "version": "2.2.8",
          "resolved": "https://registry.npmjs.org/rimraf/-/rimraf-2.2.8.tgz",
          "integrity": "sha1-5Dm+Kq7jJzIZUnMPmaiSnk/FBYI="
        }
      }
    },
    "walk": {
      "version": "2.2.1",
      "resolved": "https://registry.npmjs.org/walk/-/walk-2.2.1.tgz",
      "integrity": "sha1-WtofjknkfUt0Rdi+ei4eYxq0MBY=",
      "requires": {
        "forEachAsync": "~2.2"
      }
    }
  }
}
